
Microsoft Visual Studio Solution File, Format Version 12.00
# Visual Studio Version 17
VisualStudioVersion = 17.11.35327.3
MinimumVisualStudioVersion = 10.0.40219.1
Project("{FAE04EC0-301F-11D3-BF4B-00C04F79EFBC}") = "inf04", "inf04\inf04.csproj", "{84FABCA4-8BCD-4861-A8BE-C0B05AC6FE86}"
EndProject
Global
	GlobalSection(SolutionConfigurationPlatforms) = preSolution
		Debug|Any CPU = Debug|Any CPU
		Release|Any CPU = Release|Any CPU
	EndGlobalSection
	GlobalSection(ProjectConfigurationPlatforms) = postSolution
		{84FABCA4-8BCD-4861-A8BE-C0B05AC6FE86}.Debug|Any CPU.ActiveCfg = Debug|Any CPU
		{84FABCA4-8BCD-4861-A8BE-C0B05AC6FE86}.Debug|Any CPU.Build.0 = Debug|Any CPU
		{84FABCA4-8BCD-4861-A8BE-C0B05AC6FE86}.Debug|Any CPU.Deploy.0 = Debug|Any CPU
		{84FABCA4-8BCD-4861-A8BE-C0B05AC6FE86}.Release|Any CPU.ActiveCfg = Release|Any CPU
		{84FABCA4-8BCD-4861-A8BE-C0B05AC6FE86}.Release|Any CPU.Build.0 = Release|Any CPU
		{84FABCA4-8BCD-4861-A8BE-C0B05AC6FE86}.Release|Any CPU.Deploy.0 = Release|Any CPU
	EndGlobalSection
	GlobalSection(SolutionProperties) = preSolution
		HideSolutionNode = FALSE
	EndGlobalSection
	GlobalSection(ExtensibilityGlobals) = postSolution
		SolutionGuid = {8E5626A3-DD0A-438A-B2FF-BA4F5C524500}
	EndGlobalSection
EndGlobal
