
Microsoft Visual Studio Solution File, Format Version 12.00
# Visual Studio Version 17
VisualStudioVersion = 17.11.35327.3
MinimumVisualStudioVersion = 10.0.40219.1
Project("{FAE04EC0-301F-11D3-BF4B-00C04F79EFBC}") = "INF.04-02-23.06-SG", "INF.04-02-23.06-SG\INF.04-02-23.06-SG.csproj", "{4E5947D7-5ED4-4D02-B896-1C10E44C4AD3}"
EndProject
Global
	GlobalSection(SolutionConfigurationPlatforms) = preSolution
		Debug|Any CPU = Debug|Any CPU
		Release|Any CPU = Release|Any CPU
	EndGlobalSection
	GlobalSection(ProjectConfigurationPlatforms) = postSolution
		{4E5947D7-5ED4-4D02-B896-1C10E44C4AD3}.Debug|Any CPU.ActiveCfg = Debug|Any CPU
		{4E5947D7-5ED4-4D02-B896-1C10E44C4AD3}.Debug|Any CPU.Build.0 = Debug|Any CPU
		{4E5947D7-5ED4-4D02-B896-1C10E44C4AD3}.Debug|Any CPU.Deploy.0 = Debug|Any CPU
		{4E5947D7-5ED4-4D02-B896-1C10E44C4AD3}.Release|Any CPU.ActiveCfg = Release|Any CPU
		{4E5947D7-5ED4-4D02-B896-1C10E44C4AD3}.Release|Any CPU.Build.0 = Release|Any CPU
		{4E5947D7-5ED4-4D02-B896-1C10E44C4AD3}.Release|Any CPU.Deploy.0 = Release|Any CPU
	EndGlobalSection
	GlobalSection(SolutionProperties) = preSolution
		HideSolutionNode = FALSE
	EndGlobalSection
	GlobalSection(ExtensibilityGlobals) = postSolution
		SolutionGuid = {60B27B92-810E-4538-A6A5-C65754FD6514}
	EndGlobalSection
EndGlobal
